schema: '2.0'
stages:
  data_ingestion:
    cmd: python -m cnnClassifier.pipeline.stage_1
    deps:
    - path: /Users/imac/Downloads/Chest-CT-Scan-data
      hash: md5
      md5: 86905059c75b48d6935a85798ec4aab2.dir
      size: 49253579
      nfiles: 344
    - path: artifacts/data_ingestion.py
      hash: md5
      md5: c16958a78855cbb6cc71451633eb4dd4
      size: 3140
    - path: config/config.yaml
      hash: md5
      md5: 6cbb3c4b78b3622033cb8e56a0b84f60
      size: 914
    - path: src/cnnClassifier/config/configuration.py
      hash: md5
      md5: 864e6d065ca737cc37f8565ee814b899
      size: 3821
    - path: src/cnnClassifier/pipeline/stage_1.py
      hash: md5
      md5: 0d4ab0c2ed4945d67265305ee33448cd
      size: 2592
    - path: src/cnnClassifier/utils/common.py
      hash: md5
      md5: 4a39085b3ec00183e074f68cae724940
      size: 3251
    outs:
    - path: artifacts/data_manifest.json
      hash: md5
      md5: 7896aa4d65840d2cbe1a4fcf7b7844ed
      size: 28604
  prepare_base_model:
    cmd: python -m cancer.pipeline.stage_02_prepare_basemodel
    deps:
    - path: config/config.yaml
      hash: md5
      md5: 6cbb3c4b78b3622033cb8e56a0b84f60
      size: 914
    - path: config/configuration.py
      hash: md5
      md5: bda9169c00f56854817327df1e2b884b
      size: 8357
    - path: params.yaml
      hash: md5
      md5: 6e221ba5f6e8f6c950e55a8b9f7f9d90
      size: 154
    - path: src/cancer/components/prepare_base_model.py
      hash: md5
      md5: 776cddc6182800507e0b844b4319e481
      size: 2172
    - path: src/cancer/entity/config_entity.py
      hash: md5
      md5: 003ce067e3fbada4a1d1d0aa37f8f47d
      size: 1413
    - path: src/cancer/pipeline/stage_02_prepare_basemodel.py
      hash: md5
      md5: 83763a75e0c365ada9fee0a9690082a4
      size: 1480
    - path: src/cnnClassifier/utils/common.py
      hash: md5
      md5: 4a39085b3ec00183e074f68cae724940
      size: 3251
    params:
      params.yaml:
        CLASSES: 2
        IMAGE_SIZE:
        - 224
        - 224
        - 3
        INCLUDE_TOP: false
        LEARNING_RATE: 0.01
        WEIGHTS: imagenet
    outs:
    - path: artifacts/prepare_base_model/base_model.keras
      hash: md5
      md5: 650b05393891606350697c068e231728
      size: 58931815
    - path: artifacts/prepare_base_model/base_model_updated.keras
      hash: md5
      md5: 9aa5d41842e8e5bff3121744de235418
      size: 59142476
  training:
    cmd: python -m cancer.pipeline.stage_03_model_trainer
    deps:
    - path: /Users/imac/Downloads/Chest-CT-Scan-data
      hash: md5
      md5: 86905059c75b48d6935a85798ec4aab2.dir
      size: 49253579
      nfiles: 344
    - path: artifacts/data_manifest.json
      hash: md5
      md5: 7896aa4d65840d2cbe1a4fcf7b7844ed
      size: 28604
    - path: artifacts/prepare_base_model/base_model_updated.keras
      hash: md5
      md5: 9aa5d41842e8e5bff3121744de235418
      size: 59142476
    - path: config/config.yaml
      hash: md5
      md5: 6cbb3c4b78b3622033cb8e56a0b84f60
      size: 914
    - path: config/configuration.py
      hash: md5
      md5: bda9169c00f56854817327df1e2b884b
      size: 8357
    - path: params.yaml
      hash: md5
      md5: 6e221ba5f6e8f6c950e55a8b9f7f9d90
      size: 154
    - path: src/cancer/components/model_trainer.py
      hash: md5
      md5: ab53f0a738c63ca5a3ca1064cb2805db
      size: 3283
    - path: src/cancer/entity/config_entity.py
      hash: md5
      md5: 003ce067e3fbada4a1d1d0aa37f8f47d
      size: 1413
    - path: src/cancer/pipeline/stage_03_model_trainer.py
      hash: md5
      md5: cc631179f69554c6039146c28ab3f994
      size: 1427
    - path: src/cnnClassifier/utils/common.py
      hash: md5
      md5: 4a39085b3ec00183e074f68cae724940
      size: 3251
    params:
      params.yaml:
        AUGMENTATION: true
        BATCH_SIZE: 16
        EPOCHS: 10
        IMAGE_SIZE:
        - 224
        - 224
        - 3
    outs:
    - path: artifacts/training/model.keras
      hash: md5
      md5: 6f8f1bbd39e8c378ce4ef2ace7ac7a25
      size: 59141868
